
Microsoft Visual Studio Solution File, Format Version 12.00
# Visual Studio Version 16
VisualStudioVersion = 16.0.32002.261
MinimumVisualStudioVersion = 10.0.40219.1
Project("{FAE04EC0-301F-11D3-BF4B-00C04F79EFBC}") = "CMPG215", "CMPG215\CMPG215.csproj", "{1CC2D100-2218-495F-BD63-40C551DC65C1}"
EndProject
Global
	GlobalSection(SolutionConfigurationPlatforms) = preSolution
		Debug|Any CPU = Debug|Any CPU
		Release|Any CPU = Release|Any CPU
	EndGlobalSection
	GlobalSection(ProjectConfigurationPlatforms) = postSolution
		{1CC2D100-2218-495F-BD63-40C551DC65C1}.Debug|Any CPU.ActiveCfg = Debug|Any CPU
		{1CC2D100-2218-495F-BD63-40C551DC65C1}.Debug|Any CPU.Build.0 = Debug|Any CPU
		{1CC2D100-2218-495F-BD63-40C551DC65C1}.Release|Any CPU.ActiveCfg = Release|Any CPU
		{1CC2D100-2218-495F-BD63-40C551DC65C1}.Release|Any CPU.Build.0 = Release|Any CPU
	EndGlobalSection
	GlobalSection(SolutionProperties) = preSolution
		HideSolutionNode = FALSE
	EndGlobalSection
	GlobalSection(ExtensibilityGlobals) = postSolution
		SolutionGuid = {59BB3119-784F-4260-BBF2-592045E7D6EB}
	EndGlobalSection
EndGlobal
